{
  "name": "radio-bot",
  "version": "1.0.0",
  "description": "A radio bot for discord",
  "repository": {
    "type": "git",
    "url": "git+https://github.com/anakojm/Rbot.git"
  },
  "publishConfig": {
    "registry": "https://npm.pkg.github.com/"
  },
  "main": "index.js",
  "scripts": {
    "test": "echo \"Error: no test specified\" && exit 1"
  },
  "author": "anakojm",
  "license": "GPL-3.0",
  "dependencies": {
    "discord.js": "^11.4.2",
    "opusscript": "0.0.6"
  },
  "bugs": {
    "url": "https://github.com/anakojm/Rbot/issues"
  },
  "homepage": "https://github.com/anakojm/Rbot#readme",
  "keywords": [
    "discord",
    "radio",
    "bot",
    "js",
    "nodejs",
    "discordjs"
  ]
}
